// !$*UTF8*$!
{
	archiveVersion = 1;
	classes = {
	};
	objectVersion = 46;
	objects = {

/* Begin PBXBuildFile section */
		1363A2D61E3114AF00E438A9 /* AppDelegate.swift in Sources */ = {isa = PBXBuildFile; fileRef = 1363A2D51E3114AF00E438A9 /* AppDelegate.swift */; };
		1363A2D81E3114AF00E438A9 /* ViewController.swift in Sources */ = {isa = PBXBuildFile; fileRef = 1363A2D71E3114AF00E438A9 /* ViewController.swift */; };
		1363A2DA1E3114AF00E438A9 /* Assets.xcassets in Resources */ = {isa = PBXBuildFile; fileRef = 1363A2D91E3114AF00E438A9 /* Assets.xcassets */; };
		1363A2DD1E3114AF00E438A9 /* Main.storyboard in Resources */ = {isa = PBXBuildFile; fileRef = 1363A2DB1E3114AF00E438A9 /* Main.storyboard */; };
		1363A2E81E3114AF00E438A9 /* Xcode8GitExampleTests.swift in Sources */ = {isa = PBXBuildFile; fileRef = 1363A2E71E3114AF00E438A9 /* Xcode8GitExampleTests.swift */; };
		1363A2F31E3114AF00E438A9 /* Xcode8GitExampleUITests.swift in Sources */ = {isa = PBXBuildFile; fileRef = 1363A2F21E3114AF00E438A9 /* Xcode8GitExampleUITests.swift */; };
/* End PBXBuildFile section */

/* Begin PBXContainerItemProxy section */
		1363A2E41E3114AF00E438A9 /* PBXContainerItemProxy */ = {
			isa = PBXContainerItemProxy;
			containerPortal = 1363A2CA1E3114AF00E438A9 /* Project object */;
			proxyType = 1;
			remoteGlobalIDString = 1363A2D11E3114AF00E438A9;
			remoteInfo = Xcode8GitExample;
		};
		1363A2EF1E3114AF00E438A9 /* PBXContainerItemProxy */ = {
			isa = PBXContainerItemProxy;
			containerPortal = 1363A2CA1E3114AF00E438A9 /* Project object */;
			proxyType = 1;
			remoteGlobalIDString = 1363A2D11E3114AF00E438A9;
			remoteInfo = Xcode8GitExample;
		};
/* End PBXContainerItemProxy section */

/* Begin PBXFileReference section */
		1363A2D21E3114AF00E438A9 /* Xcode8GitExample.app */ = {isa = PBXFileReference; explicitFileType = wrapper.application; includeInIndex = 0; path = Xcode8GitExample.app; sourceTree = BUILT_PRODUCTS_DIR; };
		1363A2D51E3114AF00E438A9 /* AppDelegate.swift */ = {isa = PBXFileReference; lastKnownFileType = sourcecode.swift; path = AppDelegate.swift; sourceTree = "<group>"; };
		1363A2D71E3114AF00E438A9 /* ViewController.swift */ = {isa = PBXFileReference; lastKnownFileType = sourcecode.swift; path = ViewController.swift; sourceTree = "<group>"; };
		1363A2D91E3114AF00E438A9 /* Assets.xcassets */ = {isa = PBXFileReference; lastKnownFileType = folder.assetcatalog; path = Assets.xcassets; sourceTree = "<group>"; };
		1363A2DC1E3114AF00E438A9 /* Base */ = {isa = PBXFileReference; lastKnownFileType = file.storyboard; name = Base; path = Base.lproj/Main.storyboard; sourceTree = "<group>"; };
		1363A2DE1E3114AF00E438A9 /* Info.plist */ = {isa = PBXFileReference; lastKnownFileType = text.plist.xml; path = Info.plist; sourceTree = "<group>"; };
		1363A2E31E3114AF00E438A9 /* Xcode8GitExampleTests.xctest */ = {isa = PBXFileReference; explicitFileType = wrapper.cfbundle; includeInIndex = 0; path = Xcode8GitExampleTests.xctest; sourceTree = BUILT_PRODUCTS_DIR; };
		1363A2E71E3114AF00E438A9 /* Xcode8GitExampleTests.swift */ = {isa = PBXFileReference; lastKnownFileType = sourcecode.swift; path = Xcode8GitExampleTests.swift; sourceTree = "<group>"; };
		1363A2E91E3114AF00E438A9 /* Info.plist */ = {isa = PBXFileReference; lastKnownFileType = text.plist.xml; path = Info.plist; sourceTree = "<group>"; };
		1363A2EE1E3114AF00E438A9 /* Xcode8GitExampleUITests.xctest */ = {isa = PBXFileReference; explicitFileType = wrapper.cfbundle; includeInIndex = 0; path = Xcode8GitExampleUITests.xctest; sourceTree = BUILT_PRODUCTS_DIR; };
		1363A2F21E3114AF00E438A9 /* Xcode8GitExampleUITests.swift */ = {isa = PBXFileReference; lastKnownFileType = sourcecode.swift; path = Xcode8GitExampleUITests.swift; sourceTree = "<group>"; };
		1363A2F41E3114AF00E438A9 /* Info.plist */ = {isa = PBXFileReference; lastKnownFileType = text.plist.xml; path = Info.plist; sourceTree = "<group>"; };
/* End PBXFileReference section */

/* Begin PBXFrameworksBuildPhase section */
		1363A2CF1E3114AF00E438A9 /* Frameworks */ = {
			isa = PBXFrameworksBuildPhase;
			buildActionMask = 2147483647;
			files = (
			);
			runOnlyForDeploymentPostprocessing = 0;
		};
		1363A2E01E3114AF00E438A9 /* Frameworks */ = {
			isa = PBXFrameworksBuildPhase;
			buildActionMask = 2147483647;
			files = (
			);
			runOnlyForDeploymentPostprocessing = 0;
		};
		1363A2EB1E3114AF00E438A9 /* Frameworks */ = {
			isa = PBXFrameworksBuildPhase;
			buildActionMask = 2147483647;
			files = (
			);
			runOnlyForDeploymentPostprocessing = 0;
		};
/* End PBXFrameworksBuildPhase section */

/* Begin PBXGroup section */
		1363A2C91E3114AF00E438A9 = {
			isa = PBXGroup;
			children = (
				1363A2D41E3114AF00E438A9 /* Xcode8GitExample */,
				1363A2E61E3114AF00E438A9 /* Xcode8GitExampleTests */,
				1363A2F11E3114AF00E438A9 /* Xcode8GitExampleUITests */,
				1363A2D31E3114AF00E438A9 /* Products */,
			);
			sourceTree = "<group>";
		};
		1363A2D31E3114AF00E438A9 /* Products */ = {
			isa = PBXGroup;
			children = (
				1363A2D21E3114AF00E438A9 /* Xcode8GitExample.app */,
				1363A2E31E3114AF00E438A9 /* Xcode8GitExampleTests.xctest */,
				1363A2EE1E3114AF00E438A9 /* Xcode8GitExampleUITests.xctest */,
			);
			name = Products;
			sourceTree = "<group>";
		};
		1363A2D41E3114AF00E438A9 /* Xcode8GitExample */ = {
			isa = PBXGroup;
			children = (
				1363A2D51E3114AF00E438A9 /* AppDelegate.swift */,
				1363A2D71E3114AF00E438A9 /* ViewController.swift */,
				1363A2D91E3114AF00E438A9 /* Assets.xcassets */,
				1363A2DB1E3114AF00E438A9 /* Main.storyboard */,
				1363A2DE1E3114AF00E438A9 /* Info.plist */,
			);
			path = Xcode8GitExample;
			sourceTree = "<group>";
		};
		1363A2E61E3114AF00E438A9 /* Xcode8GitExampleTests */ = {
			isa = PBXGroup;
			children = (
				1363A2E71E3114AF00E438A9 /* Xcode8GitExampleTests.swift */,
				1363A2E91E3114AF00E438A9 /* Info.plist */,
			);
			path = Xcode8GitExampleTests;
			sourceTree = "<group>";
		};
		1363A2F11E3114AF00E438A9 /* Xcode8GitExampleUITests */ = {
			isa = PBXGroup;
			children = (
				1363A2F21E3114AF00E438A9 /* Xcode8GitExampleUITests.swift */,
				1363A2F41E3114AF00E438A9 /* Info.plist */,
			);
			path = Xcode8GitExampleUITests;
			sourceTree = "<group>";
		};
/* End PBXGroup section */

/* Begin PBXNativeTarget section */
		1363A2D11E3114AF00E438A9 /* Xcode8GitExample */ = {
			isa = PBXNativeTarget;
			buildConfigurationList = 1363A2F71E3114AF00E438A9 /* Build configuration list for PBXNativeTarget "Xcode8GitExample" */;
			buildPhases = (
				1363A2CE1E3114AF00E438A9 /* Sources */,
				1363A2CF1E3114AF00E438A9 /* Frameworks */,
				1363A2D01E3114AF00E438A9 /* Resources */,
			);
			buildRules = (
			);
			dependencies = (
			);
			name = Xcode8GitExample;
			productName = Xcode8GitExample;
			productReference = 1363A2D21E3114AF00E438A9 /* Xcode8GitExample.app */;
			productType = "com.apple.product-type.application";
		};
		1363A2E21E3114AF00E438A9 /* Xcode8GitExampleTests */ = {
			isa = PBXNativeTarget;
			buildConfigurationList = 1363A2FA1E3114AF00E438A9 /* Build configuration list for PBXNativeTarget "Xcode8GitExampleTests" */;
			buildPhases = (
				1363A2DF1E3114AF00E438A9 /* Sources */,
				1363A2E01E3114AF00E438A9 /* Frameworks */,
				1363A2E11E3114AF00E438A9 /* Resources */,
			);
			buildRules = (
			);
			dependencies = (
				1363A2E51E3114AF00E438A9 /* PBXTargetDependency */,
			);
			name = Xcode8GitExampleTests;
			productName = Xcode8GitExampleTests;
			productReference = 1363A2E31E3114AF00E438A9 /* Xcode8GitExampleTests.xctest */;
			productType = "com.apple.product-type.bundle.unit-test";
		};
		1363A2ED1E3114AF00E438A9 /* Xcode8GitExampleUITests */ = {
			isa = PBXNativeTarget;
			buildConfigurationList = 1363A2FD1E3114AF00E438A9 /* Build configuration list for PBXNativeTarget "Xcode8GitExampleUITests" */;
			buildPhases = (
				1363A2EA1E3114AF00E438A9 /* Sources */,
				1363A2EB1E3114AF00E438A9 /* Frameworks */,
				1363A2EC1E3114AF00E438A9 /* Resources */,
			);
			buildRules = (
			);
			dependencies = (
				1363A2F01E3114AF00E438A9 /* PBXTargetDependency */,
			);
			name = Xcode8GitExampleUITests;
			productName = Xcode8GitExampleUITests;
			productReference = 1363A2EE1E3114AF00E438A9 /* Xcode8GitExampleUITests.xctest */;
			productType = "com.apple.product-type.bundle.ui-testing";
		};
/* End PBXNativeTarget section */

/* Begin PBXProject section */
		1363A2CA1E3114AF00E438A9 /* Project object */ = {
			isa = PBXProject;
			attributes = {
				LastSwiftUpdateCheck = 0820;
				LastUpgradeCheck = 0820;
				ORGANIZATIONNAME = "Vue, Chou";
				TargetAttributes = {
					1363A2D11E3114AF00E438A9 = {
						CreatedOnToolsVersion = 8.2.1;
						ProvisioningStyle = Automatic;
					};
					1363A2E21E3114AF00E438A9 = {
						CreatedOnToolsVersion = 8.2.1;
						ProvisioningStyle = Automatic;
						TestTargetID = 1363A2D11E3114AF00E438A9;
					};
					1363A2ED1E3114AF00E438A9 = {
						CreatedOnToolsVersion = 8.2.1;
						ProvisioningStyle = Automatic;
						TestTargetID = 1363A2D11E3114AF00E438A9;
					};
				};
			};
			buildConfigurationList = 1363A2CD1E3114AF00E438A9 /* Build configuration list for PBXProject "Xcode8GitExample" */;
			compatibilityVersion = "Xcode 3.2";
			developmentRegion = English;
			hasScannedForEncodings = 0;
			knownRegions = (
				en,
				Base,
			);
			mainGroup = 1363A2C91E3114AF00E438A9;
			productRefGroup = 1363A2D31E3114AF00E438A9 /* Products */;
			projectDirPath = "";
			projectRoot = "";
			targets = (
				1363A2D11E3114AF00E438A9 /* Xcode8GitExample */,
				1363A2E21E3114AF00E438A9 /* Xcode8GitExampleTests */,
				1363A2ED1E3114AF00E438A9 /* Xcode8GitExampleUITests */,
			);
		};
/* End PBXProject section */

/* Begin PBXResourcesBuildPhase section */
		1363A2D01E3114AF00E438A9 /* Resources */ = {
			isa = PBXResourcesBuildPhase;
			buildActionMask = 2147483647;
			files = (
				1363A2DA1E3114AF00E438A9 /* Assets.xcassets in Resources */,
				1363A2DD1E3114AF00E438A9 /* Main.storyboard in Resources */,
			);
			runOnlyForDeploymentPostprocessing = 0;
		};
		1363A2E11E3114AF00E438A9 /* Resources */ = {
			isa = PBXResourcesBuildPhase;
			buildActionMask = 2147483647;
			files = (
			);
			runOnlyForDeploymentPostprocessing = 0;
		};
		1363A2EC1E3114AF00E438A9 /* Resources */ = {
			isa = PBXResourcesBuildPhase;
			buildActionMask = 2147483647;
			files = (
			);
			runOnlyForDeploymentPostprocessing = 0;
		};
/* End PBXResourcesBuildPhase section */

/* Begin PBXSourcesBuildPhase section */
		1363A2CE1E3114AF00E438A9 /* Sources */ = {
			isa = PBXSourcesBuildPhase;
			buildActionMask = 2147483647;
			files = (
				1363A2D81E3114AF00E438A9 /* ViewController.swift in Sources */,
				1363A2D61E3114AF00E438A9 /* AppDelegate.swift in Sources */,
			);
			runOnlyForDeploymentPostprocessing = 0;
		};
		1363A2DF1E3114AF00E438A9 /* Sources */ = {
			isa = PBXSourcesBuildPhase;
			buildActionMask = 2147483647;
			files = (
				1363A2E81E3114AF00E438A9 /* Xcode8GitExampleTests.swift in Sources */,
			);
			runOnlyForDeploymentPostprocessing = 0;
		};
		1363A2EA1E3114AF00E438A9 /* Sources */ = {
			isa = PBXSourcesBuildPhase;
			buildActionMask = 2147483647;
			files = (
				1363A2F31E3114AF00E438A9 /* Xcode8GitExampleUITests.swift in Sources */,
			);
			runOnlyForDeploymentPostprocessing = 0;
		};
/* End PBXSourcesBuildPhase section */

/* Begin PBXTargetDependency section */
		1363A2E51E3114AF00E438A9 /* PBXTargetDependency */ = {
			isa = PBXTargetDependency;
			target = 1363A2D11E3114AF00E438A9 /* Xcode8GitExample */;
			targetProxy = 1363A2E41E3114AF00E438A9 /* PBXContainerItemProxy */;
		};
		1363A2F01E3114AF00E438A9 /* PBXTargetDependency */ = {
			isa = PBXTargetDependency;
			target = 1363A2D11E3114AF00E438A9 /* Xcode8GitExample */;
			targetProxy = 1363A2EF1E3114AF00E438A9 /* PBXContainerItemProxy */;
		};
/* End PBXTargetDependency section */

/* Begin PBXVariantGroup section */
		1363A2DB1E3114AF00E438A9 /* Main.storyboard */ = {
			isa = PBXVariantGroup;
			children = (
				1363A2DC1E3114AF00E438A9 /* Base */,
			);
			name = Main.storyboard;
			sourceTree = "<group>";
		};
/* End PBXVariantGroup section */

/* Begin XCBuildConfiguration section */
		1363A2F51E3114AF00E438A9 /* Debug */ = {
			isa = XCBuildConfiguration;
			buildSettings = {
				ALWAYS_SEARCH_USER_PATHS = NO;
				CLANG_ANALYZER_NONNULL = YES;
				CLANG_CXX_LANGUAGE_STANDARD = "gnu++0x";
				CLANG_CXX_LIBRARY = "libc++";
				CLANG_ENABLE_MODULES = YES;
				CLANG_ENABLE_OBJC_ARC = YES;
				CLANG_WARN_BOOL_CONVERSION = YES;
				CLANG_WARN_CONSTANT_CONVERSION = YES;
				CLANG_WARN_DIRECT_OBJC_ISA_USAGE = YES_ERROR;
				CLANG_WARN_DOCUMENTATION_COMMENTS = YES;
				CLANG_WARN_EMPTY_BODY = YES;
				CLANG_WARN_ENUM_CONVERSION = YES;
				CLANG_WARN_INFINITE_RECURSION = YES;
				CLANG_WARN_INT_CONVERSION = YES;
				CLANG_WARN_OBJC_ROOT_CLASS = YES_ERROR;
				CLANG_WARN_SUSPICIOUS_MOVE = YES;
				CLANG_WARN_UNREACHABLE_CODE = YES;
				CLANG_WARN__DUPLICATE_METHOD_MATCH = YES;
				CODE_SIGN_IDENTITY = "-";
				COPY_PHASE_STRIP = NO;
				DEBUG_INFORMATION_FORMAT = dwarf;
				ENABLE_STRICT_OBJC_MSGSEND = YES;
				ENABLE_TESTABILITY = YES;
				GCC_C_LANGUAGE_STANDARD = gnu99;
				GCC_DYNAMIC_NO_PIC = NO;
				GCC_NO_COMMON_BLOCKS = YES;
				GCC_OPTIMIZATION_LEVEL = 0;
				GCC_PREPROCESSOR_DEFINITIONS = (
					"DEBUG=1",
					"$(inherited)",
				);
				GCC_WARN_64_TO_32_BIT_CONVERSION = YES;
				GCC_WARN_ABOUT_RETURN_TYPE = YES_ERROR;
				GCC_WARN_UNDECLARED_SELECTOR = YES;
				GCC_WARN_UNINITIALIZED_AUTOS = YES_AGGRESSIVE;
				GCC_WARN_UNUSED_FUNCTION = YES;
				GCC_WARN_UNUSED_VARIABLE = YES;
				MACOSX_DEPLOYMENT_TARGET = 10.11;
				MTL_ENABLE_DEBUG_INFO = YES;
				ONLY_ACTIVE_ARCH = YES;
				SDKROOT = macosx;
				SWIFT_ACTIVE_COMPILATION_CONDITIONS = DEBUG;
				SWIFT_OPTIMIZATION_LEVEL = "-Onone";
			};
			name = Debug;
		};
		1363A2F61E3114AF00E438A9 /* Release */ = {
			isa = XCBuildConfiguration;
			buildSettings = {
				ALWAYS_SEARCH_USER_PATHS = NO;
				CLANG_ANALYZER_NONNULL = YES;
				CLANG_CXX_LANGUAGE_STANDARD = "gnu++0x";
				CLANG_CXX_LIBRARY = "libc++";
				CLANG_ENABLE_MODULES = YES;
				CLANG_ENABLE_OBJC_ARC = YES;
				CLANG_WARN_BOOL_CONVERSION = YES;
				CLANG_WARN_CONSTANT_CONVERSION = YES;
				CLANG_WARN_DIRECT_OBJC_ISA_USAGE = YES_ERROR;
				CLANG_WARN_DOCUMENTATION_COMMENTS = YES;
				CLANG_WARN_EMPTY_BODY = YES;
				CLANG_WARN_ENUM_CONVERSION = YES;
				CLANG_WARN_INFINITE_RECURSION = YES;
				CLANG_WARN_INT_CONVERSION = YES;
				CLANG_WARN_OBJC_ROOT_CLASS = YES_ERROR;
				CLANG_WARN_SUSPICIOUS_MOVE = YES;
				CLANG_WARN_UNREACHABLE_CODE = YES;
				CLANG_WARN__DUPLICATE_METHOD_MATCH = YES;
				CODE_SIGN_IDENTITY = "-";
				COPY_PHASE_STRIP = NO;
				DEBUG_INFORMATION_FORMAT = "dwarf-with-dsym";
				ENABLE_NS_ASSERTIONS = NO;
				ENABLE_STRICT_OBJC_MSGSEND = YES;
				GCC_C_LANGUAGE_STANDARD = gnu99;
				GCC_NO_COMMON_BLOCKS = YES;
				GCC_WARN_64_TO_32_BIT_CONVERSION = YES;
				GCC_WARN_ABOUT_RETURN_TYPE = YES_ERROR;
				GCC_WARN_UNDECLARED_SELECTOR = YES;
				GCC_WARN_UNINITIALIZED_AUTOS = YES_AGGRESSIVE;
				GCC_WARN_UNUSED_FUNCTION = YES;
				GCC_WARN_UNUSED_VARIABLE = YES;
				MACOSX_DEPLOYMENT_TARGET = 10.11;
				MTL_ENABLE_DEBUG_INFO = NO;
				SDKROOT = macosx;
				SWIFT_OPTIMIZATION_LEVEL = "-Owholemodule";
			};
			name = Release;
		};
		1363A2F81E3114AF00E438A9 /* Debug */ = {
			isa = XCBuildConfiguration;
			buildSettings = {
				ASSETCATALOG_COMPILER_APPICON_NAME = AppIcon;
				COMBINE_HIDPI_IMAGES = YES;
				INFOPLIST_FILE = Xcode8GitExample/Info.plist;
				LD_RUNPATH_SEARCH_PATHS = "$(inherited) @executable_path/../Frameworks";
				PRODUCT_BUNDLE_IDENTIFIER = "Vue--Chou.Xcode8GitExample";
				PRODUCT_NAME = "$(TARGET_NAME)";
				SWIFT_VERSION = 3.0;
			};
			name = Debug;
		};
		1363A2F91E3114AF00E438A9 /* Release */ = {
			isa = XCBuildConfiguration;
			buildSettings = {
				ASSETCATALOG_COMPILER_APPICON_NAME = AppIcon;
				COMBINE_HIDPI_IMAGES = YES;
				INFOPLIST_FILE = Xcode8GitExample/Info.plist;
				LD_RUNPATH_SEARCH_PATHS = "$(inherited) @executable_path/../Frameworks";
				PRODUCT_BUNDLE_IDENTIFIER = "Vue--Chou.Xcode8GitExample";
				PRODUCT_NAME = "$(TARGET_NAME)";
				SWIFT_VERSION = 3.0;
			};
			name = Release;
		};
		1363A2FB1E3114AF00E438A9 /* Debug */ = {
			isa = XCBuildConfiguration;
			buildSettings = {
				ALWAYS_EMBED_SWIFT_STANDARD_LIBRARIES = YES;
				BUNDLE_LOADER = "$(TEST_HOST)";
				COMBINE_HIDPI_IMAGES = YES;
				INFOPLIST_FILE = Xcode8GitExampleTests/Info.plist;
				LD_RUNPATH_SEARCH_PATHS = "$(inherited) @executable_path/../Frameworks @loader_path/../Frameworks";
				PRODUCT_BUNDLE_IDENTIFIER = "Vue--Chou.Xcode8GitExampleTests";
				PRODUCT_NAME = "$(TARGET_NAME)";
				SWIFT_VERSION = 3.0;
				TEST_HOST = "$(BUILT_PRODUCTS_DIR)/Xcode8GitExample.app/Contents/MacOS/Xcode8GitExample";
			};
			name = Debug;
		};
		1363A2FC1E3114AF00E438A9 /* Release */ = {
			isa = XCBuildConfiguration;
			buildSettings = {
				ALWAYS_EMBED_SWIFT_STANDARD_LIBRARIES = YES;
				BUNDLE_LOADER = "$(TEST_HOST)";
				COMBINE_HIDPI_IMAGES = YES;
				INFOPLIST_FILE = Xcode8GitExampleTests/Info.plist;
				LD_RUNPATH_SEARCH_PATHS = "$(inherited) @executable_path/../Frameworks @loader_path/../Frameworks";
				PRODUCT_BUNDLE_IDENTIFIER = "Vue--Chou.Xcode8GitExampleTests";
				PRODUCT_NAME = "$(TARGET_NAME)";
				SWIFT_VERSION = 3.0;
				TEST_HOST = "$(BUILT_PRODUCTS_DIR)/Xcode8GitExample.app/Contents/MacOS/Xcode8GitExample";
			};
			name = Release;
		};
		1363A2FE1E3114AF00E438A9 /* Debug */ = {
			isa = XCBuildConfiguration;
			buildSettings = {
				ALWAYS_EMBED_SWIFT_STANDARD_LIBRARIES = YES;
				COMBINE_HIDPI_IMAGES = YES;
				INFOPLIST_FILE = Xcode8GitExampleUITests/Info.plist;
				LD_RUNPATH_SEARCH_PATHS = "$(inherited) @executable_path/../Frameworks @loader_path/../Frameworks";
				PRODUCT_BUNDLE_IDENTIFIER = "Vue--Chou.Xcode8GitExampleUITests";
				PRODUCT_NAME = "$(TARGET_NAME)";
				SWIFT_VERSION = 3.0;
				TEST_TARGET_NAME = Xcode8GitExample;
			};
			name = Debug;
		};
		1363A2FF1E3114AF00E438A9 /* Release */ = {
			isa = XCBuildConfiguration;
			buildSettings = {
				ALWAYS_EMBED_SWIFT_STANDARD_LIBRARIES = YES;
				COMBINE_HIDPI_IMAGES = YES;
				INFOPLIST_FILE = Xcode8GitExampleUITests/Info.plist;
				LD_RUNPATH_SEARCH_PATHS = "$(inherited) @executable_path/../Frameworks @loader_path/../Frameworks";
				PRODUCT_BUNDLE_IDENTIFIER = "Vue--Chou.Xcode8GitExampleUITests";
				PRODUCT_NAME = "$(TARGET_NAME)";
				SWIFT_VERSION = 3.0;
				TEST_TARGET_NAME = Xcode8GitExample;
			};
			name = Release;
		};
/* End XCBuildConfiguration section */

/* Begin XCConfigurationList section */
		1363A2CD1E3114AF00E438A9 /* Build configuration list for PBXProject "Xcode8GitExample" */ = {
			isa = XCConfigurationList;
			buildConfigurations = (
				1363A2F51E3114AF00E438A9 /* Debug */,
				1363A2F61E3114AF00E438A9 /* Release */,
			);
			defaultConfigurationIsVisible = 0;
			defaultConfigurationName = Release;
		};
		1363A2F71E3114AF00E438A9 /* Build configuration list for PBXNativeTarget "Xcode8GitExample" */ = {
			isa = XCConfigurationList;
			buildConfigurations = (
				1363A2F81E3114AF00E438A9 /* Debug */,
				1363A2F91E3114AF00E438A9 /* Release */,
			);
			defaultConfigurationIsVisible = 0;
		};
		1363A2FA1E3114AF00E438A9 /* Build configuration list for PBXNativeTarget "Xcode8GitExampleTests" */ = {
			isa = XCConfigurationList;
			buildConfigurations = (
				1363A2FB1E3114AF00E438A9 /* Debug */,
				1363A2FC1E3114AF00E438A9 /* Release */,
			);
			defaultConfigurationIsVisible = 0;
		};
		1363A2FD1E3114AF00E438A9 /* Build configuration list for PBXNativeTarget "Xcode8GitExampleUITests" */ = {
			isa = XCConfigurationList;
			buildConfigurations = (
				1363A2FE1E3114AF00E438A9 /* Debug */,
				1363A2FF1E3114AF00E438A9 /* Release */,
			);
			defaultConfigurationIsVisible = 0;
		};
/* End XCConfigurationList section */
	};
	rootObject = 1363A2CA1E3114AF00E438A9 /* Project object */;
}
